{
    "_meta": {
        "hash": {
            "sha256": "bc5787ddcacfa3cc9ccfa387a1381666cc45ada4f2fb575e022af41d2eeeb964"
        },
        "pipfile-spec": 6,
        "requires": {
            "python_version": "3.7"
        },
        "sources": [
            {
                "name": "pypi",
                "url": "https://pypi.org/simple",
                "verify_ssl": true
            }
        ]
    },
    "default": {
        "cached-property": {
            "hashes": [
                "sha256:3a026f1a54135677e7da5ce819b0c690f156f37976f3e30c5430740725203d7f",
                "sha256:9217a59f14a5682da7c4b8829deadbfc194ac22e9908ccf7c8820234e80a1504"
            ],
            "index": "pypi",
            "version": "==1.5.1"
        },
        "certifi": {
            "hashes": [
                "sha256:35824b4c3a97115964b408844d64aa14db1cc518f6562e8d7261699d1350a9e3",
                "sha256:4ad3232f5e926d6718ec31cfc1fcadfde020920e278684144551c91769c7bc18"
            ],
            "markers": "python_version >= '3.6'",
            "version": "==2022.12.7"
        },
        "dataclasses": {
            "hashes": [
                "sha256:454a69d788c7fda44efd71e259be79577822f5e3f53f029a22d08004e951dc9f",
                "sha256:6988bd2b895eef432d562370bb707d540f32f7360ab13da45340101bc2307d84"
            ],
            "index": "pypi",
            "version": "==0.6"
        },
        "dill": {
            "hashes": [
                "sha256:97fd758f5fe742d42b11ec8318ecfcff8776bccacbfcec05dfd6276f5d450f73"
            ],
            "version": "==0.2.7.1"
        },
        "dulwich": {
            "hashes": [
                "sha256:08a09353620981c8e9cc7ace76f71c8859bf035ae91c1b2bddb54494fe3b7638",
                "sha256:3ab53d08bc8405cc99a1018e837b2866e0e1d0797999ab94bdfdc3b5369ec325",
                "sha256:3d4249dd7bd608932ff3e8362b18f9b8ad899436063f8dd395355fd345da92c3",
                "sha256:555c88a1076cd1cab12c5dac93239e63e2dc4347ae475c5ca0ea5494098eab0f",
                "sha256:5ff59d02a4d61ee273708b85a8b370d46ea4bedd097904ab92682a2d44553284",
                "sha256:68cbdeae2e0c247690243c77c8b5cc671d6a091d6fbfcd43ff5eae13210e384f",
                "sha256:6b61ac0a2a8b1b1e18914310f3f7a422396334208b426b9de570f1de31644cf1",
                "sha256:7bee1516e0516ff441a93206d0bc0816781ee7f6df37c9f01a9578e2bff7cc7c",
                "sha256:8025f7249f9ed719af5cf041ac9a8de8fae0bf08875e9dcaedbccc98f4ea67a7",
                "sha256:8853b0306406f6fb82812d2fc2af43d4cda50ea0223551c3b27df5eb008b655f",
                "sha256:aba891770d741613a13fc2d76972d99fff9b26a15383ad0f0bfbd3890e2b7a00",
                "sha256:b9266eba455b399cbda79eac0a138dd80fd8af180e5dcf759d242749936eaeb3",
                "sha256:bab10f9580372267c3385e3ab9b3939e212a713f398c410d6f1392f96d6f0ffa",
                "sha256:bcd9c85ea319f7c7076de2717da0532dc99b1e4fd0bea374522af7436179f72f",
                "sha256:df138aa678e3c6d9c1b21fa8e591311c0871b72fca635cc3c35361a540cc3ad1",
                "sha256:fc97a857b274f5ed41f73c4593e665924a38f613835cfd72c55393a710a64a49",
                "sha256:fe649f2c95c209452639075d0ccd8cad6bda960044cf9b2e6268e1ac6ed30bac"
            ],
            "index": "pypi",
            "version": "==0.20.24"
        },
        "future": {
            "hashes": [
                "sha256:34a17436ed1e96697a86f9de3d15a3b0be01d8bc8de9c1dffd59fb8234ed5307"
            ],
            "markers": "python_version >= '2.6' and python_version not in '3.0, 3.1, 3.2, 3.3'",
            "version": "==0.18.3"
        },
        "pyfunctional": {
            "hashes": [
                "sha256:23ef891a3bd34e5e3fb7ccfccf22ddd68309f53367997d9acd61c8b153b99d11",
                "sha256:d2b735c5bfb3b4d7977734e5e92d03f53389de6dc539c609f48c748b93e94fe0",
                "sha256:e157b6a387523c64bfcca0e6e823c5c66fc3f9cad458b3cd9ec8be32a7d45cf2"
            ],
            "index": "pypi",
            "version": "==1.3.0"
        },
        "pygtrie": {
            "hashes": [
                "sha256:2204dbd95584f67821da5b3771c4305ac5585552b3230b210f1f05322608db2c"
            ],
            "index": "pypi",
            "version": "==2.3.3"
        },
        "pyyaml": {
            "hashes": [
                "sha256:02c78d77281d8f8d07a255e57abdbf43b02257f59f50cc6b636937d68efa5dd0",
                "sha256:0dc9f2eb2e3c97640928dec63fd8dc1dd91e6b6ed236bd5ac00332b99b5c2ff9",
                "sha256:124fd7c7bc1e95b1eafc60825f2daf67c73ce7b33f1194731240d24b0d1bf628",
                "sha256:26fcb33776857f4072601502d93e1a619f166c9c00befb52826e7b774efaa9db",
                "sha256:31ba07c54ef4a897758563e3a0fcc60077698df10180abe4b8165d9895c00ebf",
                "sha256:3c49e39ac034fd64fd576d63bb4db53cda89b362768a67f07749d55f128ac18a",
                "sha256:52bf0930903818e600ae6c2901f748bc4869c0c406056f679ab9614e5d21a166",
                "sha256:5a3f345acff76cad4aa9cb171ee76c590f37394186325d53d1aa25318b0d4a09",
                "sha256:5e7ac4e0e79a53451dc2814f6876c2fa6f71452de1498bbe29c0b54b69a986f4",
                "sha256:7242790ab6c20316b8e7bb545be48d7ed36e26bbe279fd56f2c4a12510e60b4b",
                "sha256:737bd70e454a284d456aa1fa71a0b429dd527bcbf52c5c33f7c8eee81ac16b89",
                "sha256:8635d53223b1f561b081ff4adecb828fd484b8efffe542edcfdff471997f7c39",
                "sha256:8b818b6c5a920cbe4203b5a6b14256f0e5244338244560da89b7b0f1313ea4b6",
                "sha256:8bf38641b4713d77da19e91f8b5296b832e4db87338d6aeffe422d42f1ca896d",
                "sha256:a36a48a51e5471513a5aea920cdad84cbd56d70a5057cca3499a637496ea379c",
                "sha256:b2243dd033fd02c01212ad5c601dafb44fbb293065f430b0d3dbf03f3254d615",
                "sha256:cc547d3ead3754712223abb7b403f0a184e4c3eae18c9bb7fd15adef1597cc4b",
                "sha256:cc552b6434b90d9dbed6a4f13339625dc466fd82597119897e9489c953acbc22",
                "sha256:f3790156c606299ff499ec44db422f66f05a7363b39eb9d5b064f17bd7d7c47b",
                "sha256:f7a21e3d99aa3095ef0553e7ceba36fb693998fbb1226f1392ce33681047465f",
                "sha256:fdc6b2cb4b19e431994f25a9160695cc59a4e861710cc6fc97161c5e845fc579"
            ],
            "index": "pypi",
            "version": "==5.4"
        },
        "six": {
            "hashes": [
                "sha256:1e61c37477a1626458e36f7b1d82aa5c9b094fa4802892072e49de9c60c4c926",
                "sha256:8abb2f1d86890a2dfb989f9a77cfcfd3e47c2a354b01111771326f8aa26e0254"
            ],
            "markers": "python_version >= '2.7' and python_version not in '3.0, 3.1, 3.2, 3.3'",
            "version": "==1.16.0"
        },
        "tabulate": {
            "hashes": [
                "sha256:0095b12bf5966de529c0feb1fa08671671b3368eec77d7ef7ab114be2c068b3c",
                "sha256:024ca478df22e9340661486f85298cff5f6dcdba14f3813e8830015b9ed1948f"
            ],
            "markers": "python_version >= '3.7'",
            "version": "==0.9.0"
        },
        "typing": {
            "hashes": [
                "sha256:91dfe6f3f706ee8cc32d38edbbf304e9b7583fb37108fef38229617f8b3eba23",
                "sha256:c8cabb5ab8945cd2f54917be357d134db9cc1eb039e59d1606dc1e60cb1d9d36",
                "sha256:f38d83c5a7a7086543a0f649564d661859c5146a85775ab90c0d2f93ffaa9714"
            ],
            "index": "pypi",
            "version": "==3.7.4.1"
        },
        "urllib3": {
            "hashes": [
                "sha256:076907bf8fd355cde77728471316625a4d2f7e713c125f51953bb5b3eecf4f72",
                "sha256:75edcdc2f7d85b137124a6c3c9fc3933cdeaa12ecb9a6a959f22797a0feca7e1"
            ],
            "markers": "python_version >= '2.7' and python_version not in '3.0, 3.1, 3.2, 3.3, 3.4, 3.5'",
            "version": "==1.26.14"
        }
    },
    "develop": {
        "anki": {
            "hashes": [
                "sha256:f502a008326c98db2f106ec0abd6464c60714c2f745e8bf309bff50d2a9fcf89"
            ],
            "index": "pypi",
            "version": "==2.1.26"
        },
        "ankirspy": {
            "hashes": [
                "sha256:470ee990b459f840ccb1e150e897a266d587f206705e6d2a62b391139ee96c27",
                "sha256:479331cea4829562831545292f6b69822e24e47faf498f68899fc9531f2de3d1",
                "sha256:4d0dd34984838804a4841e41b1ffcdfefc9af058444cf5f274327437fbe37229",
                "sha256:5970d0314de15edd1c1d9b7cc44e8c89341e0b17f98972b2d6875c4bd964f9a2",
                "sha256:a6702e159c011046df6d33441168b9265bb3659d0c5409dff07d5d3fcb38fc57",
                "sha256:cfe29679d14cdd719cb2f66ef6ccffdc379a8aa0d257f3ee7bd4e07cc54a41bc"
            ],
            "version": "==2.1.26"
        },
        "aqt": {
            "hashes": [
                "sha256:313d578c9ee406dc1daafa712716832cff136260fe5a47ce906fa561c79bc45a"
            ],
            "index": "pypi",
            "version": "==2.1.26"
        },
        "args": {
            "hashes": [
                "sha256:a785b8d837625e9b61c39108532d95b85274acd679693b71ebb5156848fcf814"
            ],
            "version": "==0.1.0"
        },
        "attrs": {
            "hashes": [
                "sha256:29e95c7f6778868dbd49170f98f8818f78f3dc5e0e37c0b1f474e3561b240836",
                "sha256:c9227bfc2f01993c03f68db37d1d15c9690188323c067c641f1a35ca58185f99"
            ],
            "markers": "python_version >= '3.6'",
            "version": "==22.2.0"
        },
        "beautifulsoup4": {
            "hashes": [
                "sha256:0e79446b10b3ecb499c1556f7e228a53e64a2bfcebd455f370d8927cb5b59e39",
                "sha256:bc4bdda6717de5a2987436fb8d72f45dc90dd856bdfd512a1314ce90349a0106"
            ],
            "markers": "python_version >= '3.6'",
            "version": "==4.11.2"
        },
        "certifi": {
            "hashes": [
                "sha256:35824b4c3a97115964b408844d64aa14db1cc518f6562e8d7261699d1350a9e3",
                "sha256:4ad3232f5e926d6718ec31cfc1fcadfde020920e278684144551c91769c7bc18"
            ],
            "markers": "python_version >= '3.6'",
            "version": "==2022.12.7"
        },
        "charset-normalizer": {
            "hashes": [
                "sha256:00d3ffdaafe92a5dc603cb9bd5111aaa36dfa187c8285c543be562e61b755f6b",
                "sha256:024e606be3ed92216e2b6952ed859d86b4cfa52cd5bc5f050e7dc28f9b43ec42",
                "sha256:0298eafff88c99982a4cf66ba2efa1128e4ddaca0b05eec4c456bbc7db691d8d",
                "sha256:02a51034802cbf38db3f89c66fb5d2ec57e6fe7ef2f4a44d070a593c3688667b",
                "sha256:083c8d17153ecb403e5e1eb76a7ef4babfc2c48d58899c98fcaa04833e7a2f9a",
                "sha256:0a11e971ed097d24c534c037d298ad32c6ce81a45736d31e0ff0ad37ab437d59",
                "sha256:0bf2dae5291758b6f84cf923bfaa285632816007db0330002fa1de38bfcb7154",
                "sha256:0c0a590235ccd933d9892c627dec5bc7511ce6ad6c1011fdf5b11363022746c1",
                "sha256:0f438ae3532723fb6ead77e7c604be7c8374094ef4ee2c5e03a3a17f1fca256c",
                "sha256:109487860ef6a328f3eec66f2bf78b0b72400280d8f8ea05f69c51644ba6521a",
                "sha256:11b53acf2411c3b09e6af37e4b9005cba376c872503c8f28218c7243582df45d",
                "sha256:12db3b2c533c23ab812c2b25934f60383361f8a376ae272665f8e48b88e8e1c6",
                "sha256:14e76c0f23218b8f46c4d87018ca2e441535aed3632ca134b10239dfb6dadd6b",
                "sha256:16a8663d6e281208d78806dbe14ee9903715361cf81f6d4309944e4d1e59ac5b",
                "sha256:292d5e8ba896bbfd6334b096e34bffb56161c81408d6d036a7dfa6929cff8783",
                "sha256:2c03cc56021a4bd59be889c2b9257dae13bf55041a3372d3295416f86b295fb5",
                "sha256:2e396d70bc4ef5325b72b593a72c8979999aa52fb8bcf03f701c1b03e1166918",
                "sha256:2edb64ee7bf1ed524a1da60cdcd2e1f6e2b4f66ef7c077680739f1641f62f555",
                "sha256:31a9ddf4718d10ae04d9b18801bd776693487cbb57d74cc3458a7673f6f34639",
                "sha256:356541bf4381fa35856dafa6a965916e54bed415ad8a24ee6de6e37deccf2786",
                "sha256:358a7c4cb8ba9b46c453b1dd8d9e431452d5249072e4f56cfda3149f6ab1405e",
                "sha256:37f8febc8ec50c14f3ec9637505f28e58d4f66752207ea177c1d67df25da5aed",
                "sha256:39049da0ffb96c8cbb65cbf5c5f3ca3168990adf3551bd1dee10c48fce8ae820",
                "sha256:39cf9ed17fe3b1bc81f33c9ceb6ce67683ee7526e65fde1447c772afc54a1bb8",
                "sha256:3ae1de54a77dc0d6d5fcf623290af4266412a7c4be0b1ff7444394f03f5c54e3",
                "sha256:3b590df687e3c5ee0deef9fc8c547d81986d9a1b56073d82de008744452d6541",
                "sha256:3e45867f1f2ab0711d60c6c71746ac53537f1684baa699f4f668d4c6f6ce8e14",
                "sha256:3fc1c4a2ffd64890aebdb3f97e1278b0cc72579a08ca4de8cd2c04799a3a22be",
                "sha256:4457ea6774b5611f4bed5eaa5df55f70abde42364d498c5134b7ef4c6958e20e",
                "sha256:44ba614de5361b3e5278e1241fda3dc1838deed864b50a10d7ce92983797fa76",
                "sha256:4a8fcf28c05c1f6d7e177a9a46a1c52798bfe2ad80681d275b10dcf317deaf0b",
                "sha256:4b0d02d7102dd0f997580b51edc4cebcf2ab6397a7edf89f1c73b586c614272c",
                "sha256:502218f52498a36d6bf5ea77081844017bf7982cdbe521ad85e64cabee1b608b",
                "sha256:503e65837c71b875ecdd733877d852adbc465bd82c768a067badd953bf1bc5a3",
                "sha256:5995f0164fa7df59db4746112fec3f49c461dd6b31b841873443bdb077c13cfc",
                "sha256:59e5686dd847347e55dffcc191a96622f016bc0ad89105e24c14e0d6305acbc6",
                "sha256:601f36512f9e28f029d9481bdaf8e89e5148ac5d89cffd3b05cd533eeb423b59",
                "sha256:608862a7bf6957f2333fc54ab4399e405baad0163dc9f8d99cb236816db169d4",
                "sha256:62595ab75873d50d57323a91dd03e6966eb79c41fa834b7a1661ed043b2d404d",
                "sha256:70990b9c51340e4044cfc394a81f614f3f90d41397104d226f21e66de668730d",
                "sha256:71140351489970dfe5e60fc621ada3e0f41104a5eddaca47a7acb3c1b851d6d3",
                "sha256:72966d1b297c741541ca8cf1223ff262a6febe52481af742036a0b296e35fa5a",
                "sha256:74292fc76c905c0ef095fe11e188a32ebd03bc38f3f3e9bcb85e4e6db177b7ea",
                "sha256:761e8904c07ad053d285670f36dd94e1b6ab7f16ce62b9805c475b7aa1cffde6",
                "sha256:772b87914ff1152b92a197ef4ea40efe27a378606c39446ded52c8f80f79702e",
                "sha256:79909e27e8e4fcc9db4addea88aa63f6423ebb171db091fb4373e3312cb6d603",
                "sha256:7e189e2e1d3ed2f4aebabd2d5b0f931e883676e51c7624826e0a4e5fe8a0bf24",
                "sha256:7eb33a30d75562222b64f569c642ff3dc6689e09adda43a082208397f016c39a",
                "sha256:81d6741ab457d14fdedc215516665050f3822d3e56508921cc7239f8c8e66a58",
                "sha256:8499ca8f4502af841f68135133d8258f7b32a53a1d594aa98cc52013fff55678",
                "sha256:84c3990934bae40ea69a82034912ffe5a62c60bbf6ec5bc9691419641d7d5c9a",
                "sha256:87701167f2a5c930b403e9756fab1d31d4d4da52856143b609e30a1ce7160f3c",
                "sha256:88600c72ef7587fe1708fd242b385b6ed4b8904976d5da0893e31df8b3480cb6",
                "sha256:8ac7b6a045b814cf0c47f3623d21ebd88b3e8cf216a14790b455ea7ff0135d18",
                "sha256:8b8af03d2e37866d023ad0ddea594edefc31e827fee64f8de5611a1dbc373174",
                "sha256:8c7fe7afa480e3e82eed58e0ca89f751cd14d767638e2550c77a92a9e749c317",
                "sha256:8eade758719add78ec36dc13201483f8e9b5d940329285edcd5f70c0a9edbd7f",
                "sha256:911d8a40b2bef5b8bbae2e36a0b103f142ac53557ab421dc16ac4aafee6f53dc",
                "sha256:93ad6d87ac18e2a90b0fe89df7c65263b9a99a0eb98f0a3d2e079f12a0735837",
                "sha256:95dea361dd73757c6f1c0a1480ac499952c16ac83f7f5f4f84f0658a01b8ef41",
                "sha256:9ab77acb98eba3fd2a85cd160851816bfce6871d944d885febf012713f06659c",
                "sha256:9cb3032517f1627cc012dbc80a8ec976ae76d93ea2b5feaa9d2a5b8882597579",
                "sha256:9cf4e8ad252f7c38dd1f676b46514f92dc0ebeb0db5552f5f403509705e24753",
                "sha256:9d9153257a3f70d5f69edf2325357251ed20f772b12e593f3b3377b5f78e7ef8",
                "sha256:a152f5f33d64a6be73f1d30c9cc82dfc73cec6477ec268e7c6e4c7d23c2d2291",
                "sha256:a16418ecf1329f71df119e8a65f3aa68004a3f9383821edcb20f0702934d8087",
                "sha256:a60332922359f920193b1d4826953c507a877b523b2395ad7bc716ddd386d866",
                "sha256:a8d0fc946c784ff7f7c3742310cc8a57c5c6dc31631269876a88b809dbeff3d3",
                "sha256:ab5de034a886f616a5668aa5d098af2b5385ed70142090e2a31bcbd0af0fdb3d",
                "sha256:c22d3fe05ce11d3671297dc8973267daa0f938b93ec716e12e0f6dee81591dc1",
                "sha256:c2ac1b08635a8cd4e0cbeaf6f5e922085908d48eb05d44c5ae9eabab148512ca",
                "sha256:c512accbd6ff0270939b9ac214b84fb5ada5f0409c44298361b2f5e13f9aed9e",
                "sha256:c75ffc45f25324e68ab238cb4b5c0a38cd1c3d7f1fb1f72b5541de469e2247db",
                "sha256:c95a03c79bbe30eec3ec2b7f076074f4281526724c8685a42872974ef4d36b72",
                "sha256:cadaeaba78750d58d3cc6ac4d1fd867da6fc73c88156b7a3212a3cd4819d679d",
                "sha256:cd6056167405314a4dc3c173943f11249fa0f1b204f8b51ed4bde1a9cd1834dc",
                "sha256:db72b07027db150f468fbada4d85b3b2729a3db39178abf5c543b784c1254539",
                "sha256:df2c707231459e8a4028eabcd3cfc827befd635b3ef72eada84ab13b52e1574d",
                "sha256:e62164b50f84e20601c1ff8eb55620d2ad25fb81b59e3cd776a1902527a788af",
                "sha256:e696f0dd336161fca9adbb846875d40752e6eba585843c768935ba5c9960722b",
                "sha256:eaa379fcd227ca235d04152ca6704c7cb55564116f8bc52545ff357628e10602",
                "sha256:ebea339af930f8ca5d7a699b921106c6e29c617fe9606fa7baa043c1cdae326f",
                "sha256:f4c39b0e3eac288fedc2b43055cfc2ca7a60362d0e5e87a637beac5d801ef478",
                "sha256:f5057856d21e7586765171eac8b9fc3f7d44ef39425f85dbcccb13b3ebea806c",
                "sha256:f6f45710b4459401609ebebdbcfb34515da4fc2aa886f95107f556ac69a9147e",
                "sha256:f97e83fa6c25693c7a35de154681fcc257c1c41b38beb0304b9c4d2d9e164479",
                "sha256:f9d0c5c045a3ca9bedfc35dca8526798eb91a07aa7a2c0fee134c6c6f321cbd7",
                "sha256:ff6f3db31555657f3163b15a6b7c6938d08df7adbfc9dd13d9d19edad678f1e8"
            ],
            "markers": "python_version >= '3.0'",
            "version": "==3.0.1"
        },
        "clint": {
            "hashes": [
                "sha256:05224c32b1075563d0b16d0015faaf9da43aa214e4a2140e51f08789e7a4c5aa"
            ],
            "version": "==0.5.1"
        },
        "coverage": {
            "hashes": [
                "sha256:04481245ef966fbd24ae9b9e537ce899ae584d521dfbe78f89cad003c38ca2ab",
                "sha256:0c45948f613d5d18c9ec5eaa203ce06a653334cf1bd47c783a12d0dd4fd9c851",
                "sha256:10188fe543560ec4874f974b5305cd1a8bdcfa885ee00ea3a03733464c4ca265",
                "sha256:218fe982371ac7387304153ecd51205f14e9d731b34fb0568181abaf7b443ba0",
                "sha256:29571503c37f2ef2138a306d23e7270687c0efb9cab4bd8038d609b5c2393a3a",
                "sha256:2a60d6513781e87047c3e630b33b4d1e89f39836dac6e069ffee28c4786715f5",
                "sha256:2bf1d5f2084c3932b56b962a683074a3692bce7cabd3aa023c987a2a8e7612f6",
                "sha256:3164d31078fa9efe406e198aecd2a02d32a62fecbdef74f76dad6a46c7e48311",
                "sha256:32df215215f3af2c1617a55dbdfb403b772d463d54d219985ac7cd3bf124cada",
                "sha256:33d1ae9d4079e05ac4cc1ef9e20c648f5afabf1a92adfaf2ccf509c50b85717f",
                "sha256:33ff26d0f6cc3ca8de13d14fde1ff8efe1456b53e3f0273e63cc8b3c84a063d8",
                "sha256:38da2db80cc505a611938d8624801158e409928b136c8916cd2e203970dde4dc",
                "sha256:3b155caf3760408d1cb903b21e6a97ad4e2bdad43cbc265e3ce0afb8e0057e73",
                "sha256:3b946bbcd5a8231383450b195cfb58cb01cbe7f8949f5758566b881df4b33baf",
                "sha256:3baf5f126f30781b5e93dbefcc8271cb2491647f8283f20ac54d12161dff080e",
                "sha256:4b14d5e09c656de5038a3f9bfe5228f53439282abcab87317c9f7f1acb280352",
                "sha256:51b236e764840a6df0661b67e50697aaa0e7d4124ca95e5058fa3d7cbc240b7c",
                "sha256:63ffd21aa133ff48c4dff7adcc46b7ec8b565491bfc371212122dd999812ea1c",
                "sha256:6a43c7823cd7427b4ed763aa7fb63901ca8288591323b58c9cd6ec31ad910f3c",
                "sha256:755e89e32376c850f826c425ece2c35a4fc266c081490eb0a841e7c1cb0d3bda",
                "sha256:7a726d742816cb3a8973c8c9a97539c734b3a309345236cd533c4883dda05b8d",
                "sha256:7c7c0d0827e853315c9bbd43c1162c006dd808dbbe297db7ae66cd17b07830f0",
                "sha256:7ed681b0f8e8bcbbffa58ba26fcf5dbc8f79e7997595bf071ed5430d8c08d6f3",
                "sha256:7ee5c9bb51695f80878faaa5598040dd6c9e172ddcf490382e8aedb8ec3fec8d",
                "sha256:8361be1c2c073919500b6601220a6f2f98ea0b6d2fec5014c1d9cfa23dd07038",
                "sha256:8ae125d1134bf236acba8b83e74c603d1b30e207266121e76484562bc816344c",
                "sha256:9817733f0d3ea91bea80de0f79ef971ae94f81ca52f9b66500c6a2fea8e4b4f8",
                "sha256:98b85dd86514d889a2e3dd22ab3c18c9d0019e696478391d86708b805f4ea0fa",
                "sha256:9ccb092c9ede70b2517a57382a601619d20981f56f440eae7e4d7eaafd1d1d09",
                "sha256:9d58885215094ab4a86a6aef044e42994a2bd76a446dc59b352622655ba6621b",
                "sha256:b643cb30821e7570c0aaf54feaf0bfb630b79059f85741843e9dc23f33aaca2c",
                "sha256:bc7c85a150501286f8b56bd8ed3aa4093f4b88fb68c0843d21ff9656f0009d6a",
                "sha256:beeb129cacea34490ffd4d6153af70509aa3cda20fdda2ea1a2be870dfec8d52",
                "sha256:c31b75ae466c053a98bf26843563b3b3517b8f37da4d47b1c582fdc703112bc3",
                "sha256:c4e4881fa9e9667afcc742f0c244d9364d197490fbc91d12ac3b5de0bf2df146",
                "sha256:c5b15ed7644ae4bee0ecf74fee95808dcc34ba6ace87e8dfbf5cb0dc20eab45a",
                "sha256:d12d076582507ea460ea2a89a8c85cb558f83406c8a41dd641d7be9a32e1274f",
                "sha256:d248cd4a92065a4d4543b8331660121b31c4148dd00a691bfb7a5cdc7483cfa4",
                "sha256:d47dd659a4ee952e90dc56c97d78132573dc5c7b09d61b416a9deef4ebe01a0c",
                "sha256:d4a5a5879a939cb84959d86869132b00176197ca561c664fc21478c1eee60d75",
                "sha256:da9b41d4539eefd408c46725fb76ecba3a50a3367cafb7dea5f250d0653c1040",
                "sha256:db61a79c07331e88b9a9974815c075fbd812bc9dbc4dc44b366b5368a2936063",
                "sha256:ddb726cb861c3117a553f940372a495fe1078249ff5f8a5478c0576c7be12050",
                "sha256:ded59300d6330be27bc6cf0b74b89ada58069ced87c48eaf9344e5e84b0072f7",
                "sha256:e2617759031dae1bf183c16cef8fcfb3de7617f394c813fa5e8e46e9b82d4222",
                "sha256:e5cdbb5cafcedea04924568d990e20ce7f1945a1dd54b560f879ee2d57226912",
                "sha256:ec8e767f13be637d056f7e07e61d089e555f719b387a7070154ad80a0ff31801",
                "sha256:ef382417db92ba23dfb5864a3fc9be27ea4894e86620d342a116b243ade5d35d",
                "sha256:f2cba5c6db29ce991029b5e4ac51eb36774458f0a3b8d3137241b32d1bb91f06",
                "sha256:f5b4198d85a3755d27e64c52f8c95d6333119e49fd001ae5798dac872c95e0f8",
                "sha256:ffeeb38ee4a80a30a6877c5c4c359e5498eec095878f1581453202bfacc8fbc2"
            ],
            "markers": "python_version >= '3.7'",
            "version": "==7.1.0"
        },
        "decorator": {
            "hashes": [
                "sha256:637996211036b6385ef91435e4fae22989472f9d571faba8927ba8253acbc330",
                "sha256:b8c3f85900b9dc423225913c5aace94729fe1fa9763b38939a95226f02d37186"
            ],
            "markers": "python_version >= '3.5'",
            "version": "==5.1.1"
        },
        "distro": {
            "hashes": [
                "sha256:02e111d1dc6a50abb8eed6bf31c3e48ed8b0830d1ea2a1b78c61765c2513fdd8",
                "sha256:99522ca3e365cac527b44bde033f64c6945d90eb9f769703caaec52b09bbd3ff"
            ],
            "markers": "sys_platform != 'darwin' and sys_platform != 'win32'",
            "version": "==1.8.0"
        },
        "expects": {
            "hashes": [
                "sha256:419902ccafe81b7e9559eeb6b7a07ef9d5c5604eddb93000f0642b3b2d594f4c"
            ],
            "index": "pypi",
            "version": "==0.9.0"
        },
        "hypothesis": {
            "hashes": [
                "sha256:21bb5fbe456f775233fe20bcbeb26f648d68025bce554c94c0698fb4c33e7008",
                "sha256:7c819501a26ff82ccb4bee8a96b1ff4fff187e041d79ed176964ca550b77098b"
            ],
            "index": "pypi",
            "version": "==5.16.0"
        },
        "idna": {
            "hashes": [
                "sha256:814f528e8dead7d329833b91c5faa87d60bf71824cd12a7530b5526063d02cb4",
                "sha256:90b77e79eaa3eba6de819a0c442c0b4ceefc341a7a2ab77d7562bf49f425c5c2"
            ],
            "markers": "python_version >= '3.5'",
            "version": "==3.4"
        },
        "importlib-metadata": {
            "hashes": [
                "sha256:7efb448ec9a5e313a57655d35aa54cd3e01b7e1fbcf72dce1bf06119420f5bad",
                "sha256:e354bedeb60efa6affdcc8ae121b73544a7aa74156d047311948f6d711cd378d"
            ],
            "markers": "python_version < '3.8'",
            "version": "==6.0.0"
        },
        "importlib-resources": {
            "hashes": [
                "sha256:7d543798b0beca10b6a01ac7cafda9f822c54db9e8376a6bf57e0cbd74d486b6",
                "sha256:e4a96c8cc0339647ff9a5e0550d9f276fc5a01ffa276012b58ec108cfd7b8484"
            ],
            "markers": "python_version < '3.9'",
            "version": "==5.10.2"
        },
        "jsonschema": {
            "hashes": [
                "sha256:0f864437ab8b6076ba6707453ef8f98a6a0d512a80e93f8abdb676f737ecb60d",
                "sha256:a870ad254da1a8ca84b6a2905cac29d265f805acc57af304784962a2aa6508f6"
            ],
            "markers": "python_version >= '3.7'",
            "version": "==4.17.3"
        },
        "mamba": {
            "hashes": [
                "sha256:5fdb77be323dc4c9723f0752ff73d1753a94f3b60bb12ba555370fb3d37feb2e"
            ],
            "index": "pypi",
            "version": "==0.11.0"
        },
        "markdown": {
            "hashes": [
                "sha256:08fb8465cffd03d10b9dd34a5c3fea908e20391a2a90b88d66362cb05beed186",
                "sha256:3b809086bb6efad416156e00a0da66fe47618a5d6918dd688f53f40c8e4cfeff"
            ],
            "markers": "python_version >= '3.7'",
            "version": "==3.4.1"
        },
        "markupsafe": {
            "hashes": [
                "sha256:0576fe974b40a400449768941d5d0858cc624e3249dfd1e0c33674e5c7ca7aed",
                "sha256:085fd3201e7b12809f9e6e9bc1e5c96a368c8523fad5afb02afe3c051ae4afcc",
                "sha256:090376d812fb6ac5f171e5938e82e7f2d7adc2b629101cec0db8b267815c85e2",
                "sha256:0b462104ba25f1ac006fdab8b6a01ebbfbce9ed37fd37fd4acd70c67c973e460",
                "sha256:137678c63c977754abe9086a3ec011e8fd985ab90631145dfb9294ad09c102a7",
                "sha256:1bea30e9bf331f3fef67e0a3877b2288593c98a21ccb2cf29b74c581a4eb3af0",
                "sha256:22152d00bf4a9c7c83960521fc558f55a1adbc0631fbb00a9471e097b19d72e1",
                "sha256:22731d79ed2eb25059ae3df1dfc9cb1546691cc41f4e3130fe6bfbc3ecbbecfa",
                "sha256:2298c859cfc5463f1b64bd55cb3e602528db6fa0f3cfd568d3605c50678f8f03",
                "sha256:28057e985dace2f478e042eaa15606c7efccb700797660629da387eb289b9323",
                "sha256:2e7821bffe00aa6bd07a23913b7f4e01328c3d5cc0b40b36c0bd81d362faeb65",
                "sha256:2ec4f2d48ae59bbb9d1f9d7efb9236ab81429a764dedca114f5fdabbc3788013",
                "sha256:340bea174e9761308703ae988e982005aedf427de816d1afe98147668cc03036",
                "sha256:40627dcf047dadb22cd25ea7ecfe9cbf3bbbad0482ee5920b582f3809c97654f",
                "sha256:40dfd3fefbef579ee058f139733ac336312663c6706d1163b82b3003fb1925c4",
                "sha256:4cf06cdc1dda95223e9d2d3c58d3b178aa5dacb35ee7e3bbac10e4e1faacb419",
                "sha256:50c42830a633fa0cf9e7d27664637532791bfc31c731a87b202d2d8ac40c3ea2",
                "sha256:55f44b440d491028addb3b88f72207d71eeebfb7b5dbf0643f7c023ae1fba619",
                "sha256:608e7073dfa9e38a85d38474c082d4281f4ce276ac0010224eaba11e929dd53a",
                "sha256:63ba06c9941e46fa389d389644e2d8225e0e3e5ebcc4ff1ea8506dce646f8c8a",
                "sha256:65608c35bfb8a76763f37036547f7adfd09270fbdbf96608be2bead319728fcd",
                "sha256:665a36ae6f8f20a4676b53224e33d456a6f5a72657d9c83c2aa00765072f31f7",
                "sha256:6d6607f98fcf17e534162f0709aaad3ab7a96032723d8ac8750ffe17ae5a0666",
                "sha256:7313ce6a199651c4ed9d7e4cfb4aa56fe923b1adf9af3b420ee14e6d9a73df65",
                "sha256:7668b52e102d0ed87cb082380a7e2e1e78737ddecdde129acadb0eccc5423859",
                "sha256:7df70907e00c970c60b9ef2938d894a9381f38e6b9db73c5be35e59d92e06625",
                "sha256:7e007132af78ea9df29495dbf7b5824cb71648d7133cf7848a2a5dd00d36f9ff",
                "sha256:835fb5e38fd89328e9c81067fd642b3593c33e1e17e2fdbf77f5676abb14a156",
                "sha256:8bca7e26c1dd751236cfb0c6c72d4ad61d986e9a41bbf76cb445f69488b2a2bd",
                "sha256:8db032bf0ce9022a8e41a22598eefc802314e81b879ae093f36ce9ddf39ab1ba",
                "sha256:99625a92da8229df6d44335e6fcc558a5037dd0a760e11d84be2260e6f37002f",
                "sha256:9cad97ab29dfc3f0249b483412c85c8ef4766d96cdf9dcf5a1e3caa3f3661cf1",
                "sha256:a4abaec6ca3ad8660690236d11bfe28dfd707778e2442b45addd2f086d6ef094",
                "sha256:a6e40afa7f45939ca356f348c8e23048e02cb109ced1eb8420961b2f40fb373a",
                "sha256:a6f2fcca746e8d5910e18782f976489939d54a91f9411c32051b4aab2bd7c513",
                "sha256:a806db027852538d2ad7555b203300173dd1b77ba116de92da9afbc3a3be3eed",
                "sha256:abcabc8c2b26036d62d4c746381a6f7cf60aafcc653198ad678306986b09450d",
                "sha256:b8526c6d437855442cdd3d87eede9c425c4445ea011ca38d937db299382e6fa3",
                "sha256:bb06feb762bade6bf3c8b844462274db0c76acc95c52abe8dbed28ae3d44a147",
                "sha256:c0a33bc9f02c2b17c3ea382f91b4db0e6cde90b63b296422a939886a7a80de1c",
                "sha256:c4a549890a45f57f1ebf99c067a4ad0cb423a05544accaf2b065246827ed9603",
                "sha256:ca244fa73f50a800cf8c3ebf7fd93149ec37f5cb9596aa8873ae2c1d23498601",
                "sha256:cf877ab4ed6e302ec1d04952ca358b381a882fbd9d1b07cccbfd61783561f98a",
                "sha256:d9d971ec1e79906046aa3ca266de79eac42f1dbf3612a05dc9368125952bd1a1",
                "sha256:da25303d91526aac3672ee6d49a2f3db2d9502a4a60b55519feb1a4c7714e07d",
                "sha256:e55e40ff0cc8cc5c07996915ad367fa47da6b3fc091fdadca7f5403239c5fec3",
                "sha256:f03a532d7dee1bed20bc4884194a16160a2de9ffc6354b3878ec9682bb623c54",
                "sha256:f1cd098434e83e656abf198f103a8207a8187c0fc110306691a2e94a78d0abb2",
                "sha256:f2bfb563d0211ce16b63c7cb9395d2c682a23187f54c3d79bfec33e6705473c6",
                "sha256:f8ffb705ffcf5ddd0e80b65ddf7bed7ee4f5a441ea7d3419e861a12eaf41af58"
            ],
            "markers": "python_version >= '3.7'",
            "version": "==2.1.2"
        },
        "orjson": {
            "hashes": [
                "sha256:004122c95e08db7201b80224de3a8f2ad79b9717040e6884c6015f27b010127d",
                "sha256:006178fd654a0a4f14f5912b8320ba9a26ab9c0ae7ce1c7eeb4b5249d6cada29",
                "sha256:006c492577ad046cb7e50237a8d8935131a35f7e7f8320fbc3514da6fbc0b436",
                "sha256:062a9a74c10c439acc35cf67f31ac88d9464a11025700bab421e6cdf54a54a35",
                "sha256:1d7402121d06d11fafcaed7d06f9d68b11bbe39868e0e1bc19239ee5b6b98b2b",
                "sha256:2bdd64566870a8a0bdcf8c7df2f4452391dd55070f5cd98cc581914e8c263d85",
                "sha256:2c83a33cf389fd286bd9ef0befc406307444b9553d2e9ba14b90b9332524cfa6",
                "sha256:323065cf14fdd4096dbf93ea1634e7e030044af8c1000803bcdc132fbfd395f5",
                "sha256:32353b14c5e0b55b6a8759e993482a2d8c44d492489840718b74658de67671e2",
                "sha256:34ce4a8b8f0fea483bce6985c015953f475540b7d756efd48a571b1803c318ee",
                "sha256:38bc8a388080d8fd297388bcff4939e350ffafe4a006567e0dd81cdb8c7b86fa",
                "sha256:3e44f78db3a15902b5e8386119979691ed3dd61d1ded10bad2c7106fd50641ef",
                "sha256:4a20905c7a5ebc280343704c4dd19343ef966c9dea5a38ade6e0461a6deb8eda",
                "sha256:4a6c0a0ef2f535ba7a5d01f014b53d05eeb372d43556edb25c75a4d52690a123",
                "sha256:4cb4f37fca8cf8309de421634447437f229bc03b240cec8ad4ac241fd4b1bcf4",
                "sha256:52809a37a0daa6992835ee0625aca22b4c0693dba3cb465948e6c9796de927b0",
                "sha256:53f51c23398cfe818d9bb09079d31a60c6cd77e7eee1d555cfcc735460db4190",
                "sha256:550a4dec128d1adfd0262ef9ad7878d62d1cc0bddaaa05e41d8ca28414dc86bc",
                "sha256:583338b7dabb509ca4c3b4f160f58a5228bf6c6e0f8a2981663f683791f39d45",
                "sha256:5b3251ab7113f2400d76f2b4a2d6592e7d5a5cf45fa948c894340553671ef8f1",
                "sha256:6190e23a2fb9fc78228b289b3ec295094671ca0299319c8c72727aa9e7dbe06f",
                "sha256:61fff8a8b4cd4e489b291fe5105b6138b1831490f1a0dc726d5e17ebe811d595",
                "sha256:67554103b415349b6ee2db82d2422da1c8f4c2d280d20772217f6d1d227410b6",
                "sha256:692c255109867cc8211267f4416d2915845273bf4f403bbca5419f5b15ac9175",
                "sha256:7d216a5f3d23eac2c7c654e7bd30280c27cdf5edc32325e6ad8e880d36c265b7",
                "sha256:865ef341c4d310ac2689bf811dbc0930b2f13272f8eade1511dc40b186f6d562",
                "sha256:8e048c6df7453c3da4de10fa5c44f6c655b157b712628888ce880cd5bbf30013",
                "sha256:91ef8a554d33fbc5bb61c3972f3e8baa994f72c4967671e64e7dac1cc06f50e1",
                "sha256:94d8fdc12adc0450994931d722cb38be5e4caa273219881abb96c15a9e9f151f",
                "sha256:9d35573e7f5817a26d8ce1134c3463d31bc3b39aad3ad7ae06bb67d6078fa9c0",
                "sha256:9d5ad2fddccc89ab64b6333823b250ce8430fc51f014954e5a2d4c933f5deb9f",
                "sha256:a38387387139695a7e52b9f568e39c1632b22eb34939afc5efed265fa8277b84",
                "sha256:aa7b112e3273d1744f7bc983ffd3dd0d004062c69dfa68e119515a7e115c46c8",
                "sha256:aae1487fba9d955b2679f0a697665ed8fc32563b3252acc240e097184c184e29",
                "sha256:aef3d558f5bd809733ebf2cbce7e1338ce62812db317478427236b97036aba0f",
                "sha256:c192813f527f886bd85abc5a9e8d9dde16ffa06d7305de526a7c4657730dbf4e",
                "sha256:c59ec129d523abd4f2d65c0733d0e57af7dd09c69142f1aa564b04358f04ace3",
                "sha256:caa5053f19584816f063c887d94385db481fc01d995d6a717ce4fbb929653ec2",
                "sha256:cd2bd48e9a14f2130790a3c2dcb897bd93c2e5c244919799430a6d9b8212cb50",
                "sha256:d3b0950d792b25c0aa52505faf09237fd98136d09616a0837f7cdb0fde9e2730",
                "sha256:d3f5ad9442e8a99fb436279a8614a00aca272ea8dabb692cadee70a4874d6e03",
                "sha256:d44d89314a66e98e690ce64c8771d963eb64ae6cea662d0a1d077ed024627228",
                "sha256:e57ecad7616ec842d8c382ed42a778cdcdadc67cfb46b804b43079f937b63b31",
                "sha256:e8fc43bfb73d394b9bf12062cd6dab72abf728ac7869f972e4bb7327fd3330b8"
            ],
            "markers": "platform_machine == 'x86_64'",
            "version": "==3.8.6"
        },
        "pkgutil-resolve-name": {
            "hashes": [
                "sha256:357d6c9e6a755653cfd78893817c0853af365dd51ec97f3d358a819373bbd174",
                "sha256:ca27cc078d25c5ad71a9de0a7a330146c4e014c2462d9af19c6b828280649c5e"
            ],
            "markers": "python_version < '3.9'",
            "version": "==1.3.10"
        },
        "protobuf": {
            "hashes": [
                "sha256:1f22ac0ca65bb70a876060d96d914dae09ac98d114294f77584b0d2644fa9c30",
                "sha256:237216c3326d46808a9f7c26fd1bd4b20015fb6867dc5d263a493ef9a539293b",
                "sha256:27f4d15021da6d2b706ddc3860fac0a5ddaba34ab679dc182b60a8bb4e1121cc",
                "sha256:299ea899484ee6f44604deb71f424234f654606b983cb496ea2a53e3c63ab791",
                "sha256:3d164928ff0727d97022957c2b849250ca0e64777ee31efd7d6de2e07c494717",
                "sha256:6ab80df09e3208f742c98443b6166bcb70d65f52cfeb67357d52032ea1ae9bec",
                "sha256:78a28c9fa223998472886c77042e9b9afb6fe4242bd2a2a5aced88e3f4422aa7",
                "sha256:7cd532c4566d0e6feafecc1059d04c7915aec8e182d1cf7adee8b24ef1e2e6ab",
                "sha256:89f9149e4a0169cddfc44c74f230d7743002e3aa0b9472d8c28f0388102fc4c2",
                "sha256:a53fd3f03e578553623272dc46ac2f189de23862e68565e83dde203d41b76fc5",
                "sha256:b135410244ebe777db80298297a97fbb4c862c881b4403b71bac9d4107d61fd1",
                "sha256:b98d0148f84e3a3c569e19f52103ca1feacdac0d2df8d6533cf983d1fda28462",
                "sha256:d1736130bce8cf131ac7957fa26880ca19227d4ad68b4888b3be0dea1f95df97",
                "sha256:f45460f9ee70a0ec1b6694c6e4e348ad2019275680bd68a1d9314b8c7e01e574"
            ],
            "markers": "python_version >= '3.7'",
            "version": "==4.21.12"
        },
        "pyqt5": {
            "hashes": [
                "sha256:08694f0a4c7d4f3d36b2311b1920e6283240ad3b7c09b515e08262e195dcdf37",
                "sha256:1a793748c60d5aff3850b7abf84d47c1d41edb11231b7d7c16bef602c36be643",
                "sha256:232fe5b135a095cbd024cf341d928fc672c963f88e6a52b0c605be8177c2fdb5",
                "sha256:755121a52b3a08cb07275c10ebb96576d36e320e572591db16cfdbc558101594",
                "sha256:e319c9d8639e0729235c1b09c99afdadad96fa3dbd8392ab561b5ab5946ee6ef"
            ],
            "index": "pypi",
            "version": "==5.15.7"
        },
        "pyqt5-qt5": {
            "hashes": [
                "sha256:1988f364ec8caf87a6ee5d5a3a5210d57539988bf8e84714c7d60972692e2f4a",
                "sha256:750b78e4dba6bdf1607febedc08738e318ea09e9b10aea9ff0d73073f11f6962",
                "sha256:76980cd3d7ae87e3c7a33bfebfaee84448fd650bad6840471d6cae199b56e154",
                "sha256:9cc7a768b1921f4b982ebc00a318ccb38578e44e45316c7a4a850e953e1dd327"
            ],
            "version": "==5.15.2"
        },
        "pyqt5-sip": {
            "hashes": [
                "sha256:0bc81cb9e171d29302d393775f95cfa01b7a15f61b199ab1812976e5c4cb2cb9",
                "sha256:19b06164793177146c7f7604fe8389f44221a7bde196f2182457eb3e4229fa88",
                "sha256:3358c584832f0ac9fd1ad3623d8a346c705f43414df1fcd0cb285a6ef51fec08",
                "sha256:3afb1d1c07adcfef5c8bb12356a2ec2ec094f324af4417735d43b1ecaf1bb1a4",
                "sha256:4f0497e2f5eeaea9f5a67b0e55c501168efa86df4e53aace2a46498b87bc55c1",
                "sha256:54dad6c2e5dab14e46f6822a889bbb1515bbd2061762273af10d26566d649bd9",
                "sha256:5c152878443c3e951d5db7df53509d444708dc06a121c267b548146be06b87f8",
                "sha256:6b1113538082a7dd63b908587f61ce28ba4c7b8341e801fdf305d53a50a878ab",
                "sha256:7218f6a1cefeb0b2fc26b89f15011f841aa4cd77786ccd863bf9792347fa38a8",
                "sha256:97d3fbda0f61edb1be6529ec2d5c7202ae83aee4353e4b264a159f8c9ada4369",
                "sha256:9a6f9c058564d0ac573561036299f54c452ae78b7d2a65d7c2d01685e6dca50d",
                "sha256:a40a39a6136a90e10c31510295c2be924564fc6260691501cdde669bdc5edea5",
                "sha256:ac5f7ed06213d3bb203e33037f7c1a0716584c21f4f0922dcc044750e3659b80",
                "sha256:b077fb4383536f51382f5516f0347328a4f338c6ccc4c268cc358643bef1b838",
                "sha256:b355d56483edc79dcba30be947a6b700856bb74beb90539e14cc4d92b9bad152",
                "sha256:b714f550ea6ddae94fd7acae531971e535f4a4e7277b62eb44e7c649cf3f03d0",
                "sha256:bd935cc46dfdbb89c21042c1db2e46a71f25693af57272f146d6d9418e2934f1",
                "sha256:d09b2586235deab7a5f2e28e4bde9a70c0b3730fa84f2590804a9932414136a3",
                "sha256:dd163d9cffc4a56ebb9dd6908c0f0cb0caff8080294d41f4fb60fc3be63ca434",
                "sha256:f9691c6f4d899ca762dd54442a1be158c3e52017f583183da6ef37d5bae86595",
                "sha256:fc920c0e0d5050474d2d6282b478e4957548bf1dce58e1b0678914514dc70064"
            ],
            "markers": "python_version >= '3.7'",
            "version": "==12.11.1"
        },
        "pyqt6": {
            "hashes": [
                "sha256:37e399420866fff5c5bd49f56710dffd3a7a126afc6612b877d666f381bd554f",
                "sha256:79d093ce97010eac92e83a4e8efe231328af9ec757ba78c77e46ca1e007eca0d",
                "sha256:8e614cc4b95dec8bec8ba3c3eaf821058b45862e66d69a8c4fb5576123f2be98",
                "sha256:91392469be1f491905fa9e78fa4e4059a89ab616ddf2ecfd525bc1d65c26bb93"
            ],
            "index": "pypi",
            "version": "==6.4.0"
        },
        "pyqt6-qt6": {
            "hashes": [
                "sha256:9f07c3c100cb46cca4074965e7494d4df4f0fc016497d5303c1fe135822876e1",
                "sha256:a29b8c858babd523e80c8db5f8fd19792641588ec04eab49af18b7a4423eb99f",
                "sha256:c0e91d0275d428496cacff717a9b719c52bfa52b21f124d638b79cc2217bc81e",
                "sha256:d19c4e72615762cd6f0b043f23fa5f0b02656091427ce6de1efccd58e10e6a53"
            ],
            "version": "==6.4.2"
        },
        "pyqt6-sip": {
            "hashes": [
                "sha256:0df998f2b6ceeacfd10de773441572e215be0c9cae566cc7dd36e231bf714a12",
                "sha256:224575e84805c4317bacd5d1b8e93e0ad5c48685dadbbe1e902d4ebe16f22828",
                "sha256:36ae29cdc223cacc1257d0f5075cf81474550c6d26b728f922487a2aa935f130",
                "sha256:3a674c591d4274d4ea8127205290e927a7dab0eb87a0038d4f4ea1d430782649",
                "sha256:3ef9392e4ae29d393b79237d85840cdc6b8831f36eed5d56c7d9b329b380cc8d",
                "sha256:43935873d60f57719632840d517afee04ef8f30e92cfe0dadc7e6326691920fc",
                "sha256:5731f22618435654352ef07684549a17be82b75254227fc80b4b5b0b59fc6656",
                "sha256:5bc4beb6fb1de4c9ba8beee7b1a4a813fa888c3b095206dafcd25d7e6e4ed2a7",
                "sha256:5c36ab984402e96792eebf4b031abfaa589aa20af3190a79c54502c16964d97e",
                "sha256:a2a0461992c6657f343308b150c4d6b57e9e7a0e5c2f79538434e7fb869ea827",
                "sha256:a81490ee84d7a41a126b116081bd97d758f41bf706aee0a8cec24d6e4c660184",
                "sha256:e00e287ea05bbc293fc6e2198301962af9b7b622bd2daf4288f925a88ae35dc9",
                "sha256:e670a7b2fb7e32204ce67d274017bfff3e21139d217d60cebbfcb75b019c91ee",
                "sha256:ee06f255787a0b4957f357f93b78d2a11ca3761916833e3afa83f1381d4d1a46",
                "sha256:fbee0d554e0e98f56dbf6d94b00a28cc32425938ad7ae98fd91f8822c5b24d45",
                "sha256:fcc6d78314783f4a193f02353f431b7ea4d357f47c3c7a7d0740e723f69c64dc"
            ],
            "markers": "python_version >= '3.7'",
            "version": "==13.4.1"
        },
        "pyqtwebengine": {
            "hashes": [
                "sha256:67110bc9d5b7e633dcc242b8228cc54b1532abc039fdf534b383ac40a60b7ba3",
                "sha256:8c2fce2458e7b781d2cc3070b336f67d39a717c5eef2f823cae501d5d9f200de",
                "sha256:a90c945606683a53c9b264a7509943fd835d50366d535c22ddde952f23d35748",
                "sha256:ae241ef2a61c782939c58b52c2aea53ad99b30f3934c8358d5e0a6ebb3fd0721",
                "sha256:dbd1a768877040050d3159270f5ab95758af4954c4cb4e54195bd3cad519d5b6"
            ],
            "index": "pypi",
            "version": "==5.15.6"
        },
        "pyqtwebengine-qt5": {
            "hashes": [
                "sha256:24231f19e1595018779977de6722b5c69f3d03f34a5f7574ff21cd1e764ef76d",
                "sha256:9e80b408d8de09d4e708d5d84c3ceaf3603292ff8f5e566ae44bb0320fa59c33",
                "sha256:bc7b1fd1f4f8138d59b0b0245d601fb2c5c0aa1e1e7e853b713e52a3165d147e",
                "sha256:ec2acb1780c0124ef060c310e00ca701f388d8b6c35bba9127f7a6f0dc536f77"
            ],
            "version": "==5.15.2"
        },
        "pyrsistent": {
            "hashes": [
                "sha256:016ad1afadf318eb7911baa24b049909f7f3bb2c5b1ed7b6a8f21db21ea3faa8",
                "sha256:1a2994773706bbb4995c31a97bc94f1418314923bd1048c6d964837040376440",
                "sha256:20460ac0ea439a3e79caa1dbd560344b64ed75e85d8703943e0b66c2a6150e4a",
                "sha256:3311cb4237a341aa52ab8448c27e3a9931e2ee09561ad150ba94e4cfd3fc888c",
                "sha256:3a8cb235fa6d3fd7aae6a4f1429bbb1fec1577d978098da1252f0489937786f3",
                "sha256:3ab2204234c0ecd8b9368dbd6a53e83c3d4f3cab10ecaf6d0e772f456c442393",
                "sha256:42ac0b2f44607eb92ae88609eda931a4f0dfa03038c44c772e07f43e738bcac9",
                "sha256:49c32f216c17148695ca0e02a5c521e28a4ee6c5089f97e34fe24163113722da",
                "sha256:4b774f9288dda8d425adb6544e5903f1fb6c273ab3128a355c6b972b7df39dcf",
                "sha256:4c18264cb84b5e68e7085a43723f9e4c1fd1d935ab240ce02c0324a8e01ccb64",
                "sha256:5a474fb80f5e0d6c9394d8db0fc19e90fa540b82ee52dba7d246a7791712f74a",
                "sha256:64220c429e42a7150f4bfd280f6f4bb2850f95956bde93c6fda1b70507af6ef3",
                "sha256:878433581fc23e906d947a6814336eee031a00e6defba224234169ae3d3d6a98",
                "sha256:99abb85579e2165bd8522f0c0138864da97847875ecbd45f3e7e2af569bfc6f2",
                "sha256:a2471f3f8693101975b1ff85ffd19bb7ca7dd7c38f8a81701f67d6b4f97b87d8",
                "sha256:aeda827381f5e5d65cced3024126529ddc4289d944f75e090572c77ceb19adbf",
                "sha256:b735e538f74ec31378f5a1e3886a26d2ca6351106b4dfde376a26fc32a044edc",
                "sha256:c147257a92374fde8498491f53ffa8f4822cd70c0d85037e09028e478cababb7",
                "sha256:c4db1bd596fefd66b296a3d5d943c94f4fac5bcd13e99bffe2ba6a759d959a28",
                "sha256:c74bed51f9b41c48366a286395c67f4e894374306b197e62810e0fdaf2364da2",
                "sha256:c9bb60a40a0ab9aba40a59f68214eed5a29c6274c83b2cc206a359c4a89fa41b",
                "sha256:cc5d149f31706762c1f8bda2e8c4f8fead6e80312e3692619a75301d3dbb819a",
                "sha256:ccf0d6bd208f8111179f0c26fdf84ed7c3891982f2edaeae7422575f47e66b64",
                "sha256:e42296a09e83028b3476f7073fcb69ffebac0e66dbbfd1bd847d61f74db30f19",
                "sha256:e8f2b814a3dc6225964fa03d8582c6e0b6650d68a232df41e3cc1b66a5d2f8d1",
                "sha256:f0774bf48631f3a20471dd7c5989657b639fd2d285b861237ea9e82c36a415a9",
                "sha256:f0e7c4b2f77593871e918be000b96c8107da48444d57005b6a6bc61fb4331b2c"
            ],
            "markers": "python_version >= '3.7'",
            "version": "==0.19.3"
        },
        "pysocks": {
            "hashes": [
                "sha256:08e69f092cc6dbe92a0fdd16eeb9b9ffbc13cadfe5ca4c7bd92ffb078b293299",
                "sha256:2725bd0a9925919b9b51739eea5f9e2bae91e83288108a9ad338b2e3a4435ee5",
                "sha256:3f8804571ebe159c380ac6de37643bb4685970655d3bba243530d6558b799aa0"
            ],
            "version": "==1.7.1"
        },
        "requests": {
            "extras": [
                "socks"
            ],
            "hashes": [
                "sha256:64299f4909223da747622c030b781c0d7811e359c37124b4bd368fb8c6518baa",
                "sha256:98b1b2782e3c6c4904938b84c0eb932721069dfdb9134313beff7c83c2df24bf"
            ],
            "markers": "python_version >= '3.7' and python_version < '4'",
            "version": "==2.28.2"
        },
        "send2trash": {
            "hashes": [
                "sha256:d2c24762fd3759860a0aff155e45871447ea58d2be6bdd39b5c8f966a0c99c2d",
                "sha256:f20eaadfdb517eaca5ce077640cb261c7d2698385a6a0f072a4a5447fd49fa08"
            ],
            "version": "==1.8.0"
        },
        "sortedcontainers": {
            "hashes": [
                "sha256:25caa5a06cc30b6b83d11423433f65d1f9d76c4c6a0c90e3379eaa43b9bfdb88",
                "sha256:a163dcaede0f1c021485e957a39245190e74249897e2ae4b2aa38595db237ee0"
            ],
            "version": "==2.4.0"
        },
        "soupsieve": {
            "hashes": [
                "sha256:49e5368c2cda80ee7e84da9dbe3e110b70a4575f196efb74e51b94549d921955",
                "sha256:e28dba9ca6c7c00173e34e4ba57448f0688bb681b7c5e8bf4971daafc093d69a"
            ],
            "markers": "python_version >= '3.7'",
            "version": "==2.4"
        },
        "typing-extensions": {
            "hashes": [
                "sha256:5cb5f4a79139d699607b3ef622a1dedafa84e115ab0024e0d9c044a9479ca7cb",
                "sha256:fb33085c39dd998ac16d1431ebc293a8b3eedd00fd4a32de0ff79002c19511b4"
            ],
            "markers": "python_version < '3.8'",
            "version": "==4.5.0"
        },
        "urllib3": {
            "hashes": [
                "sha256:076907bf8fd355cde77728471316625a4d2f7e713c125f51953bb5b3eecf4f72",
                "sha256:75edcdc2f7d85b137124a6c3c9fc3933cdeaa12ecb9a6a959f22797a0feca7e1"
            ],
            "markers": "python_version >= '2.7' and python_version not in '3.0, 3.1, 3.2, 3.3, 3.4, 3.5'",
            "version": "==1.26.14"
        },
        "werkzeug": {
            "hashes": [
                "sha256:2e1ccc9417d4da358b9de6f174e3ac094391ea1d4fbef2d667865d819dfd0afe",
                "sha256:56433961bc1f12533306c624f3be5e744389ac61d722175d543e1751285da612"
            ],
            "index": "pypi",
            "version": "==2.2.3"
        },
        "zipp": {
            "hashes": [
                "sha256:23f70e964bc11a34cef175bc90ba2914e1e4545ea1e3e2f67c079671883f9cb6",
                "sha256:e8b2a36ea17df80ffe9e2c4fda3f693c3dad6df1697d3cd3af232db680950b0b"
            ],
            "markers": "python_version < '3.10'",
            "version": "==3.13.0"
        }
    }
}
